
Microsoft Visual Studio Solution File, Format Version 12.00
# Visual Studio Version 17
VisualStudioVersion = 17.0.31903.59
MinimumVisualStudioVersion = 10.0.40219.1
Project("{FAE04EC0-301F-11D3-BF4B-00C04F79EFBC}") = "Test", "Test\Test.csproj", "{2AD279D5-2DCA-4B1E-9857-C7980FC72E00}"
EndProject
Project("{FAE04EC0-301F-11D3-BF4B-00C04F79EFBC}") = "Drawing", "Drawing\Drawing.csproj", "{527933D3-3A3F-464C-BAF4-AAD185188B51}"
EndProject
Project("{FAE04EC0-301F-11D3-BF4B-00C04F79EFBC}") = "Orderprocessing", "OrderProcessing\Orderprocessing.csproj", "{F7C22DB3-0CFB-448A-A9A8-39AAA3D75848}"
EndProject
Global
	GlobalSection(SolutionConfigurationPlatforms) = preSolution
		Debug|Any CPU = Debug|Any CPU
		Release|Any CPU = Release|Any CPU
	EndGlobalSection
	GlobalSection(SolutionProperties) = preSolution
		HideSolutionNode = FALSE
	EndGlobalSection
	GlobalSection(ProjectConfigurationPlatforms) = postSolution
		{2AD279D5-2DCA-4B1E-9857-C7980FC72E00}.Debug|Any CPU.ActiveCfg = Debug|Any CPU
		{2AD279D5-2DCA-4B1E-9857-C7980FC72E00}.Debug|Any CPU.Build.0 = Debug|Any CPU
		{2AD279D5-2DCA-4B1E-9857-C7980FC72E00}.Release|Any CPU.ActiveCfg = Release|Any CPU
		{2AD279D5-2DCA-4B1E-9857-C7980FC72E00}.Release|Any CPU.Build.0 = Release|Any CPU
		{527933D3-3A3F-464C-BAF4-AAD185188B51}.Debug|Any CPU.ActiveCfg = Debug|Any CPU
		{527933D3-3A3F-464C-BAF4-AAD185188B51}.Debug|Any CPU.Build.0 = Debug|Any CPU
		{527933D3-3A3F-464C-BAF4-AAD185188B51}.Release|Any CPU.ActiveCfg = Release|Any CPU
		{527933D3-3A3F-464C-BAF4-AAD185188B51}.Release|Any CPU.Build.0 = Release|Any CPU
		{F7C22DB3-0CFB-448A-A9A8-39AAA3D75848}.Debug|Any CPU.ActiveCfg = Debug|Any CPU
		{F7C22DB3-0CFB-448A-A9A8-39AAA3D75848}.Debug|Any CPU.Build.0 = Debug|Any CPU
		{F7C22DB3-0CFB-448A-A9A8-39AAA3D75848}.Release|Any CPU.ActiveCfg = Release|Any CPU
		{F7C22DB3-0CFB-448A-A9A8-39AAA3D75848}.Release|Any CPU.Build.0 = Release|Any CPU
	EndGlobalSection
EndGlobal
